{
  "version": 4,
  "terraform_version": "1.16.2",
  "serial": 1,
  "lineage": "4359fc80-6bcf-9464-92e5-09121d133d94",
  "outputs": {},
  "resources": [
    {
      "mode": "managed",
      "type": "aws_vpc",
      "name": "vpc_aula",
      "provider": "provider[\"registry.terraform.io/hashicorp/aws\"]",
      "instances": [
        {
          "schema_version": 1,
          "attributes": {
            "arn": "arn:aws:ec2:us-east-1:643899756212:vpc/vpc-08ebc5910e8ab6d41",
            "assign_generated_ipv6_cidr_block": false,
            "cidr_block": "10.60.0.0/16",
            "default_network_acl_id": "acl-0649aec8293080043",
            "default_route_table_id": "rtb-04c13b30f5c8160d0",
            "default_security_group_id": "sg-01270906f945c0257",
            "dhcp_options_id": "dopt-0ac6e2a7c3340236b",
            "enable_dns_hostnames": false,
            "enable_dns_support": true,
            "enable_network_address_usage_metrics": false,
            "id": "vpc-08ebc5910e8ab6d41",
            "instance_tenancy": "default",
            "ipv4_ipam_pool_id": null,
            "ipv4_netmask_length": null,
            "ipv6_association_id": "",
            "ipv6_cidr_block": "",
            "ipv6_cidr_block_network_border_group": "",
            "ipv6_ipam_pool_id": "",
            "ipv6_netmask_length": 0,
            "main_route_table_id": "rtb-04c13b30f5c8160d0",
            "owner_id": "643899756212",
            "region": "us-east-1",
            "tags": {
              "Name": "vpc-terraform"
            },
            "tags_all": {
              "Name": "vpc-terraform"
            }
          },
          "sensitive_attributes": [],
          "identity_schema_version": 0,
          "identity": {
            "account_id": "643899756212",
            "id": "vpc-08ebc5910e8ab6d41",
            "region": "us-east-1"
          },
          "private": "eyJzY2hlbWFfdmVyc2lvbiI6IjEifQ=="
        }
      ]
    }
  ],
  "check_results": null
}
