{
  "version": 4,
  "terraform_version": "1.16.2",
  "serial": 1,
  "lineage": "631e7cbb-2394-1b3c-45fb-31838b780900",
  "outputs": {},
  "resources": [
    {
      "mode": "managed",
      "type": "aws_vpc",
      "name": "vpc_aula",
      "provider": "provider[\"registry.terraform.io/hashicorp/aws\"]",
      "instances": [
        {
          "schema_version": 1,
          "attributes": {
            "arn": "arn:aws:ec2:us-east-1:643899756212:vpc/vpc-0015b5ded9a3c8b9d",
            "assign_generated_ipv6_cidr_block": false,
            "cidr_block": "10.50.0.0/16",
            "default_network_acl_id": "acl-0de69df0ae6812b8f",
            "default_route_table_id": "rtb-0e79c29167e00ce7c",
            "default_security_group_id": "sg-0e47e5bc2de2f58cc",
            "dhcp_options_id": "dopt-0ac6e2a7c3340236b",
            "enable_dns_hostnames": false,
            "enable_dns_support": true,
            "enable_network_address_usage_metrics": false,
            "id": "vpc-0015b5ded9a3c8b9d",
            "instance_tenancy": "default",
            "ipv4_ipam_pool_id": null,
            "ipv4_netmask_length": null,
            "ipv6_association_id": "",
            "ipv6_cidr_block": "",
            "ipv6_cidr_block_network_border_group": "",
            "ipv6_ipam_pool_id": "",
            "ipv6_netmask_length": 0,
            "main_route_table_id": "rtb-0e79c29167e00ce7c",
            "owner_id": "643899756212",
            "region": "us-east-1",
            "tags": {
              "Name": "vpc-original"
            },
            "tags_all": {
              "Name": "vpc-original"
            }
          },
          "sensitive_attributes": [],
          "identity_schema_version": 0,
          "identity": {
            "account_id": "643899756212",
            "id": "vpc-0015b5ded9a3c8b9d",
            "region": "us-east-1"
          },
          "private": "eyJzY2hlbWFfdmVyc2lvbiI6IjEifQ=="
        }
      ]
    }
  ],
  "check_results": null
}
